{
  "nodes": {
    "flake-parts": {
      "inputs": {
        "nixpkgs-lib": [
          "nixpkgs"
        ]
      },
      "locked": {
        "lastModified": 1733312601,
        "narHash": "sha256-4pDvzqnegAfRkPwO3wmwBhVi/Sye1mzps0zHWYnP88c=",
        "owner": "hercules-ci",
        "repo": "flake-parts",
        "rev": "205b12d8b7cd4802fbcb8e8ef6a0f1408781a4f9",
        "type": "github"
      },
      "original": {
        "owner": "hercules-ci",
        "repo": "flake-parts",
        "type": "github"
      }
    },
    "foreign-env": {
      "flake": false,
      "locked": {
        "lastModified": 1692819433,
        "narHash": "sha256-4+k5rSoxkTtYFh/lEjhRkVYa2S4KEzJ/IJbyJl+rJjQ=",
        "owner": "oh-my-fish",
        "repo": "plugin-foreign-env",
        "rev": "7f0cf099ae1e1e4ab38f46350ed6757d54471de7",
        "type": "github"
      },
      "original": {
        "owner": "oh-my-fish",
        "repo": "plugin-foreign-env",
        "type": "github"
      }
    },
    "home-manager": {
      "inputs": {
        "nixpkgs": [
          "nixpkgs"
        ]
      },
      "locked": {
        "lastModified": 1733484277,
        "narHash": "sha256-i5ay20XsvpW91N4URET/nOc0VQWOAd4c4vbqYtcH8Rc=",
        "owner": "nix-community",
        "repo": "home-manager",
        "rev": "d00c6f6d0ad16d598bf7e2956f52c1d9d5de3c3a",
        "type": "github"
      },
      "original": {
        "owner": "nix-community",
        "repo": "home-manager",
        "type": "github"
      }
    },
    "nix-index-database": {
      "inputs": {
        "nixpkgs": [
          "nixpkgs"
        ]
      },
      "locked": {
        "lastModified": 1733629314,
        "narHash": "sha256-U0vivjQFAwjNDYt49Krevs1murX9hKBFe2Ye0cHpgbU=",
        "owner": "nix-community",
        "repo": "nix-index-database",
        "rev": "f1e477a7dd11e27e7f98b646349cd66bbabf2fb8",
        "type": "github"
      },
      "original": {
        "owner": "nix-community",
        "repo": "nix-index-database",
        "type": "github"
      }
    },
    "nixpkgs": {
      "locked": {
        "lastModified": 1733376361,
        "narHash": "sha256-aLJxoTDDSqB+/3orsulE6/qdlX6MzDLIITLZqdgMpqo=",
        "owner": "NixOS",
        "repo": "nixpkgs",
        "rev": "929116e316068c7318c54eb4d827f7d9756d5e9c",
        "type": "github"
      },
      "original": {
        "owner": "NixOS",
        "ref": "nixpkgs-unstable",
        "repo": "nixpkgs",
        "type": "github"
      }
    },
    "root": {
      "inputs": {
        "flake-parts": "flake-parts",
        "foreign-env": "foreign-env",
        "home-manager": "home-manager",
        "nix-index-database": "nix-index-database",
        "nixpkgs": "nixpkgs"
      }
    }
  },
  "root": "root",
  "version": 7
}
